
Microsoft Visual Studio Solution File, Format Version 12.00
# Visual Studio Version 16
VisualStudioVersion = 16.0.30804.86
MinimumVisualStudioVersion = 10.0.40219.1
Project("{FAE04EC0-301F-11D3-BF4B-00C04F79EFBC}") = "TelefonRehberiv2", "TelefonRehberiv2\TelefonRehberiv2.csproj", "{722CC51E-E33D-4051-A191-C0FD7B2A5BE9}"
EndProject
Global
	GlobalSection(SolutionConfigurationPlatforms) = preSolution
		Debug|Any CPU = Debug|Any CPU
		Release|Any CPU = Release|Any CPU
	EndGlobalSection
	GlobalSection(ProjectConfigurationPlatforms) = postSolution
		{722CC51E-E33D-4051-A191-C0FD7B2A5BE9}.Debug|Any CPU.ActiveCfg = Debug|Any CPU
		{722CC51E-E33D-4051-A191-C0FD7B2A5BE9}.Debug|Any CPU.Build.0 = Debug|Any CPU
		{722CC51E-E33D-4051-A191-C0FD7B2A5BE9}.Release|Any CPU.ActiveCfg = Release|Any CPU
		{722CC51E-E33D-4051-A191-C0FD7B2A5BE9}.Release|Any CPU.Build.0 = Release|Any CPU
	EndGlobalSection
	GlobalSection(SolutionProperties) = preSolution
		HideSolutionNode = FALSE
	EndGlobalSection
	GlobalSection(ExtensibilityGlobals) = postSolution
		SolutionGuid = {0F91411B-A7CD-4403-B3D1-30EBE9E15DEF}
	EndGlobalSection
EndGlobal
